
Microsoft Visual Studio Solution File, Format Version 12.00
# Visual Studio Version 16
VisualStudioVersion = 16.0.28803.202
MinimumVisualStudioVersion = 10.0.40219.1
Project("{FAE04EC0-301F-11D3-BF4B-00C04F79EFBC}") = "TestDownloading", "TestDownloading\TestDownloading.csproj", "{FAB76363-7744-44FF-BC7E-DE21E91A1BEA}"
EndProject
Global
	GlobalSection(SolutionConfigurationPlatforms) = preSolution
		Debug|Any CPU = Debug|Any CPU
		Release|Any CPU = Release|Any CPU
	EndGlobalSection
	GlobalSection(ProjectConfigurationPlatforms) = postSolution
		{FAB76363-7744-44FF-BC7E-DE21E91A1BEA}.Debug|Any CPU.ActiveCfg = Debug|Any CPU
		{FAB76363-7744-44FF-BC7E-DE21E91A1BEA}.Debug|Any CPU.Build.0 = Debug|Any CPU
		{FAB76363-7744-44FF-BC7E-DE21E91A1BEA}.Release|Any CPU.ActiveCfg = Release|Any CPU
		{FAB76363-7744-44FF-BC7E-DE21E91A1BEA}.Release|Any CPU.Build.0 = Release|Any CPU
	EndGlobalSection
	GlobalSection(SolutionProperties) = preSolution
		HideSolutionNode = FALSE
	EndGlobalSection
	GlobalSection(ExtensibilityGlobals) = postSolution
		SolutionGuid = {5FF8C567-4EBD-4C18-A7E6-590F58481EF4}
	EndGlobalSection
EndGlobal
